
Microsoft Visual Studio Solution File, Format Version 12.00
# Visual Studio 15
VisualStudioVersion = 15.0.27703.2000
MinimumVisualStudioVersion = 10.0.40219.1
Project("{9A19103F-16F7-4668-BE54-9A1E7A4F7556}") = "ChanChallenge", "ChanChallenge\ChanChallenge.csproj", "{F1D6069D-F158-4F31-BFED-E6C3CF4F6F0C}"
EndProject
Project("{FAE04EC0-301F-11D3-BF4B-00C04F79EFBC}") = "Core", "Core\Core.csproj", "{EF692911-F493-46F4-A32B-DBD69DF80E38}"
EndProject
Project("{FAE04EC0-301F-11D3-BF4B-00C04F79EFBC}") = "SpiralDisplay", "SpiralDisplay\SpiralDisplay.csproj", "{46B6D353-2183-4F2F-B688-C493EBE678A9}"
EndProject
Global
	GlobalSection(SolutionConfigurationPlatforms) = preSolution
		Debug|Any CPU = Debug|Any CPU
		Release|Any CPU = Release|Any CPU
	EndGlobalSection
	GlobalSection(ProjectConfigurationPlatforms) = postSolution
		{F1D6069D-F158-4F31-BFED-E6C3CF4F6F0C}.Debug|Any CPU.ActiveCfg = Debug|Any CPU
		{F1D6069D-F158-4F31-BFED-E6C3CF4F6F0C}.Debug|Any CPU.Build.0 = Debug|Any CPU
		{F1D6069D-F158-4F31-BFED-E6C3CF4F6F0C}.Release|Any CPU.ActiveCfg = Release|Any CPU
		{F1D6069D-F158-4F31-BFED-E6C3CF4F6F0C}.Release|Any CPU.Build.0 = Release|Any CPU
		{EF692911-F493-46F4-A32B-DBD69DF80E38}.Debug|Any CPU.ActiveCfg = Debug|Any CPU
		{EF692911-F493-46F4-A32B-DBD69DF80E38}.Debug|Any CPU.Build.0 = Debug|Any CPU
		{EF692911-F493-46F4-A32B-DBD69DF80E38}.Release|Any CPU.ActiveCfg = Release|Any CPU
		{EF692911-F493-46F4-A32B-DBD69DF80E38}.Release|Any CPU.Build.0 = Release|Any CPU
		{46B6D353-2183-4F2F-B688-C493EBE678A9}.Debug|Any CPU.ActiveCfg = Debug|Any CPU
		{46B6D353-2183-4F2F-B688-C493EBE678A9}.Debug|Any CPU.Build.0 = Debug|Any CPU
		{46B6D353-2183-4F2F-B688-C493EBE678A9}.Release|Any CPU.ActiveCfg = Release|Any CPU
		{46B6D353-2183-4F2F-B688-C493EBE678A9}.Release|Any CPU.Build.0 = Release|Any CPU
	EndGlobalSection
	GlobalSection(SolutionProperties) = preSolution
		HideSolutionNode = FALSE
	EndGlobalSection
	GlobalSection(ExtensibilityGlobals) = postSolution
		SolutionGuid = {98DAAC09-1299-4B72-BEEC-12C7332A3068}
	EndGlobalSection
EndGlobal
